<?xml version="1.0" encoding="UTF-8" standalone="yes" ?>
<CodeBlocks_project_file>
	<FileVersion major="1" minor="6" />
	<Project>
		<Option title="SceneViewInterface" />
		<Option pch_mode="2" />
		<Option compiler="gcc" />
		<Build>
			<Target title="Debug">
				<Option output="bin/Debug/SceneViewInterface" prefix_auto="1" extension_auto="1" />
				<Option working_dir="" />
				<Option object_output="obj/Debug/" />
				<Option type="2" />
				<Option compiler="gcc" />
				<Option createDefFile="1" />
				<Compiler>
					<Add option="-Wall" />
					<Add option="-g" />
				</Compiler>
				<Linker>
					<Add library="libPtakopysk-d.a" />
					<Add library="libsfml-audio-s-d.a" />
					<Add library="libsfml-graphics-s-d.a" />
					<Add library="libsfml-window-s-d.a" />
					<Add library="libsfml-system-s-d.a" />
					<Add library="libBox2D-d.a" />
					<Add library="libJsonCpp-d.a" />
					<Add library="libBinaryJson-d.a" />
					<Add library="libXenonCore3-d.a" />
				</Linker>
			</Target>
			<Target title="Release">
				<Option output="bin/Release/SceneViewInterface" prefix_auto="1" extension_auto="1" />
				<Option working_dir="" />
				<Option object_output="obj/Release/" />
				<Option type="2" />
				<Option compiler="gcc" />
				<Option createDefFile="1" />
				<Compiler>
					<Add option="-Wall" />
					<Add option="-O2" />
				</Compiler>
				<Linker>
					<Add option="-s" />
					<Add library="libPtakopysk.a" />
					<Add library="libsfml-audio-s.a" />
					<Add library="libsfml-graphics-s.a" />
					<Add library="libsfml-window-s.a" />
					<Add library="libsfml-system-s.a" />
					<Add library="libBox2D.a" />
					<Add library="libJsonCpp.a" />
					<Add library="libBinaryJson.a" />
					<Add library="libXenonCore3.a" />
				</Linker>
			</Target>
		</Build>
		<Compiler>
			<Add option="-DSFML_STATIC" />
			<Add directory="../../sdk/include" />
		</Compiler>
		<Linker>
			<Add directory="../../sdk/lib" />
		</Linker>
		<Unit filename="SceneViewInterface.cpp" />
		<Unit filename="SceneViewInterface.h" />
		<Extensions>
			<code_completion />
			<envvars />
			<debugger />
		</Extensions>
	</Project>
</CodeBlocks_project_file>
